# Generated by move; do not edit
# This file should be checked in.

[move]
version = 4

[pinned.mainnet.MoveStdlib]
source = { git = "https://github.com/MystenLabs/sui.git", subdir = "crates/sui-framework/packages/move-stdlib", rev = "367fd808279bed26f7c64fc63160062a2ee29ab7" }
use_environment = "mainnet"
manifest_digest = "C4FE4C91DE74CBF223B2E380AE40F592177D21870DC2D7EB6227D2D694E05363"
deps = {}

[pinned.mainnet.Sui]
source = { git = "https://github.com/MystenLabs/sui.git", subdir = "crates/sui-framework/packages/sui-framework", rev = "367fd808279bed26f7c64fc63160062a2ee29ab7" }
use_environment = "mainnet"
manifest_digest = "CD547CB1ACCE0880C835DAED2D8FFCB91D56C833AE5240D3AA5B918398263195"
deps = { MoveStdlib = "MoveStdlib" }

[pinned.mainnet.openzeppelin_access]
source = { git = "https://github.com/OpenZeppelin/contracts-sui.git", subdir = "contracts/access", rev = "6df7fd42f6560a65bc487a9d5858ee22f65400f7" }
use_environment = "mainnet"
manifest_digest = "E41BBD67BE8940D26C79D78B028477EF5B33BA217A1282C78ACB344CF8A5ECF6"
deps = { std = "MoveStdlib", sui = "Sui" }

[pinned.mainnet.openzeppelin_math]
source = { git = "https://github.com/OpenZeppelin/contracts-sui.git", subdir = "math/core", rev = "6df7fd42f6560a65bc487a9d5858ee22f65400f7" }
use_environment = "mainnet"
manifest_digest = "E41BBD67BE8940D26C79D78B028477EF5B33BA217A1282C78ACB344CF8A5ECF6"
deps = { std = "MoveStdlib", sui = "Sui" }

[pinned.mainnet.sweem_core]
source = { root = true }
use_environment = "mainnet"
manifest_digest = "407570AF74162C54AFDD1FC054146D4D6E60C5E2636F116B4494C3B1A7FADED9"
deps = { openzeppelin_math = "openzeppelin_math", std = "MoveStdlib", sui = "Sui", sweem_registry = "sweem_registry" }

[pinned.mainnet.sweem_registry]
source = { local = "../sweem_registry" }
use_environment = "mainnet"
manifest_digest = "0DDFFBFE988358E372CB8B5164C765CF152AF92B0250669179DF6140304BA058"
deps = { openzeppelin_access = "openzeppelin_access", std = "MoveStdlib", sui = "Sui" }

[pinned.testnet.MoveStdlib]
source = { git = "https://github.com/MystenLabs/sui.git", subdir = "crates/sui-framework/packages/move-stdlib", rev = "367fd808279bed26f7c64fc63160062a2ee29ab7" }
use_environment = "testnet"
manifest_digest = "C4FE4C91DE74CBF223B2E380AE40F592177D21870DC2D7EB6227D2D694E05363"
deps = {}

[pinned.testnet.Sui]
source = { git = "https://github.com/MystenLabs/sui.git", subdir = "crates/sui-framework/packages/sui-framework", rev = "367fd808279bed26f7c64fc63160062a2ee29ab7" }
use_environment = "testnet"
manifest_digest = "7AFB66695545775FBFBB2D3078ADFD084244D5002392E837FDE21D9EA1C6D01C"
deps = { MoveStdlib = "MoveStdlib" }

[pinned.testnet.sweem_core]
source = { root = true }
use_environment = "testnet"
manifest_digest = "480984196594D1F95B3F879E117E2F098E41AB61F3A6419291A95810ADEEE4A6"
deps = { std = "MoveStdlib", sui = "Sui", sweem_registry = "sweem_registry" }

[pinned.testnet.sweem_registry]
source = { local = "../sweem_registry" }
use_environment = "testnet"
manifest_digest = "5745706258F61D6CE210904B3E6AE87A73CE9D31A6F93BE4718C442529332A87"
deps = { std = "MoveStdlib", sui = "Sui" }
