# Generated by move; do not edit
# This file should be checked in.

[move]
version = 4

[pinned.mainnet.BluefinSpot]
source = { git = "https://github.com/fireflyprotocol/bluefin-spot-contract-interface.git", subdir = ".", rev = "91ce930575b2aa3decab9b7e129b8002deba80c1" }
use_environment = "mainnet"
manifest_digest = "67D4E1B535FABDFEDB3819F51EB0C2B3DA218B2BBFC283417427867F4565AFFD"
deps = { IntegerLibrary = "IntegerLibrary", IntegerMate = "IntegerMate", Sui = "Sui_2" }

[pinned.mainnet.CetusClmm]
source = { git = "https://github.com/CetusProtocol/cetus-clmm-interface.git", subdir = "sui/cetus_clmm", rev = "74e98b69334ecc84fc419d10a59d3d4e1f832d32" }
use_environment = "mainnet"
manifest_digest = "1E932E9C4C15B3E671C5AACEE3107A26421CD5F431977EB48BE64EF5BE1AD9CA"
deps = { IntegerMate = "IntegerMate_1", MoveSTL = "MoveSTL", std = "MoveStdlib", sui = "Sui" }

[pinned.mainnet.IntegerLibrary]
source = { git = "https://github.com/fireflyprotocol/integer-library.git", subdir = ".", rev = "8a534bd1c0b334cd3937c27987f3147a06ba6a18" }
use_environment = "mainnet"
manifest_digest = "7AF3E6BDD80570B066831AC1D2C79EC7DF74BB5F48F30183D9CE56C08F817641"
deps = { Sui = "Sui_1" }

[pinned.mainnet.IntegerMate]
source = { git = "https://github.com/CetusProtocol/integer-mate.git", subdir = "sui", rev = "06660f704c4ac1d443ab62346a46b5b60d49df33" }
use_environment = "mainnet"
manifest_digest = "7AF3E6BDD80570B066831AC1D2C79EC7DF74BB5F48F30183D9CE56C08F817641"
deps = { Sui = "Sui_1" }

[pinned.mainnet.IntegerMate_1]
source = { git = "https://github.com/CetusProtocol/integer-mate.git", subdir = ".", rev = "09a12d9b171122883d9350039d4ed6e8400033b9" }
use_environment = "mainnet"
manifest_digest = "E41BBD67BE8940D26C79D78B028477EF5B33BA217A1282C78ACB344CF8A5ECF6"
deps = { std = "MoveStdlib", sui = "Sui" }

[pinned.mainnet.IntegerMate_2]
source = { git = "https://github.com/CetusProtocol/integer-mate.git", subdir = ".", rev = "1fc772f61355de6b2be43275f909f120812c4bdc" }
use_environment = "mainnet"
manifest_digest = "E41BBD67BE8940D26C79D78B028477EF5B33BA217A1282C78ACB344CF8A5ECF6"
deps = { std = "MoveStdlib", sui = "Sui" }

[pinned.mainnet.MoveSTL]
source = { git = "https://github.com/CetusProtocol/move-stl.git", subdir = ".", rev = "0681fec63a310ae753d03a06f7c05d3e2925bb09" }
use_environment = "mainnet"
manifest_digest = "E41BBD67BE8940D26C79D78B028477EF5B33BA217A1282C78ACB344CF8A5ECF6"
deps = { std = "MoveStdlib", sui = "Sui" }

[pinned.mainnet.MoveStdlib]
source = { git = "https://github.com/MystenLabs/sui.git", subdir = "crates/sui-framework/packages/move-stdlib", rev = "718ae563a42fb4ba0d055588f81c704dcef58c25" }
use_environment = "mainnet"
manifest_digest = "C4FE4C91DE74CBF223B2E380AE40F592177D21870DC2D7EB6227D2D694E05363"
deps = {}

[pinned.mainnet.MoveStdlib_1]
source = { git = "https://github.com/MystenLabs/sui.git", subdir = "crates/sui-framework/packages/move-stdlib", rev = "2b1b14361f9fe645ef3c233ccb208522e87b5727" }
use_environment = "mainnet"
manifest_digest = "C4FE4C91DE74CBF223B2E380AE40F592177D21870DC2D7EB6227D2D694E05363"
deps = {}

[pinned.mainnet.MoveStdlib_2]
source = { git = "https://github.com/MystenLabs/sui.git", subdir = "crates/sui-framework/packages/move-stdlib", rev = "f3883ed924ed658a5777aa5b14ebff2d5278a921" }
use_environment = "mainnet"
manifest_digest = "C4FE4C91DE74CBF223B2E380AE40F592177D21870DC2D7EB6227D2D694E05363"
deps = {}

[pinned.mainnet.MoveStdlib_3]
source = { git = "https://github.com/MystenLabs/sui.git", subdir = "crates/sui-framework/packages/move-stdlib", rev = "664b05b3b047c5bb03979d093660176176ea6175" }
use_environment = "mainnet"
manifest_digest = "C4FE4C91DE74CBF223B2E380AE40F592177D21870DC2D7EB6227D2D694E05363"
deps = {}

[pinned.mainnet.MoveStdlib_4]
source = { git = "https://github.com/MystenLabs/sui.git", subdir = "crates/sui-framework/packages/move-stdlib", rev = "041c5f2bae2fe52079e44b70514333532d69f4e6" }
use_environment = "mainnet"
manifest_digest = "C4FE4C91DE74CBF223B2E380AE40F592177D21870DC2D7EB6227D2D694E05363"
deps = {}

[pinned.mainnet.Pyth]
source = { git = "https://github.com/pyth-network/pyth-crosschain.git", subdir = "target_chains/sui/contracts", rev = "3bd1262dcba9518a6901aa6a15f04072799bfb37" }
use_environment = "mainnet"
manifest_digest = "F2C5AF85C4B72C8F6A8132D05DE4F787F4EB80DBFF812331ED65AE599E7DF92A"
deps = { Sui = "Sui_4", Wormhole = "Wormhole" }

[pinned.mainnet.Sui]
source = { git = "https://github.com/MystenLabs/sui.git", subdir = "crates/sui-framework/packages/sui-framework", rev = "718ae563a42fb4ba0d055588f81c704dcef58c25" }
use_environment = "mainnet"
manifest_digest = "CD547CB1ACCE0880C835DAED2D8FFCB91D56C833AE5240D3AA5B918398263195"
deps = { MoveStdlib = "MoveStdlib" }

[pinned.mainnet.SuiSystem]
source = { git = "https://github.com/MystenLabs/sui.git", subdir = "crates/sui-framework/packages/sui-system", rev = "664b05b3b047c5bb03979d093660176176ea6175" }
use_environment = "mainnet"
manifest_digest = "CCBB2DE961DACC94644C65D54E808DEF86BC7E9C42A494D5250CC5F99392E069"
deps = { MoveStdlib = "MoveStdlib_3", Sui = "Sui_3" }

[pinned.mainnet.Sui_1]
source = { git = "https://github.com/MystenLabs/sui.git", subdir = "crates/sui-framework/packages/sui-framework", rev = "2b1b14361f9fe645ef3c233ccb208522e87b5727" }
use_environment = "mainnet"
manifest_digest = "CD547CB1ACCE0880C835DAED2D8FFCB91D56C833AE5240D3AA5B918398263195"
deps = { MoveStdlib = "MoveStdlib_1" }

[pinned.mainnet.Sui_2]
source = { git = "https://github.com/MystenLabs/sui.git", subdir = "crates/sui-framework/packages/sui-framework", rev = "f3883ed924ed658a5777aa5b14ebff2d5278a921" }
use_environment = "mainnet"
manifest_digest = "CD547CB1ACCE0880C835DAED2D8FFCB91D56C833AE5240D3AA5B918398263195"
deps = { MoveStdlib = "MoveStdlib_2" }

[pinned.mainnet.Sui_3]
source = { git = "https://github.com/MystenLabs/sui.git", subdir = "crates/sui-framework/packages/sui-framework", rev = "664b05b3b047c5bb03979d093660176176ea6175" }
use_environment = "mainnet"
manifest_digest = "CD547CB1ACCE0880C835DAED2D8FFCB91D56C833AE5240D3AA5B918398263195"
deps = { MoveStdlib = "MoveStdlib_3" }

[pinned.mainnet.Sui_4]
source = { git = "https://github.com/MystenLabs/sui.git", subdir = "crates/sui-framework/packages/sui-framework", rev = "041c5f2bae2fe52079e44b70514333532d69f4e6" }
use_environment = "mainnet"
manifest_digest = "CD547CB1ACCE0880C835DAED2D8FFCB91D56C833AE5240D3AA5B918398263195"
deps = { MoveStdlib = "MoveStdlib_4" }

[pinned.mainnet.Wormhole]
source = { git = "https://github.com/wormhole-foundation/wormhole.git", subdir = "sui/wormhole", rev = "b71be5cbb9537c4aac8e23e74371affa3825efcd" }
use_environment = "mainnet"
manifest_digest = "0D766A0380B75080707CFA6099AF469A2E502B0D9DC334A9E9983B391C5555D9"
deps = { Sui = "Sui_4" }

[pinned.mainnet.alpha_lending]
source = { local = "vendor/alpha_lending" }
use_environment = "mainnet"
manifest_digest = "2AEFF1A57D249EA8247EDB32F0BECF15DDE967B0F104D5E53B0BB71BC5965E9F"
deps = { BluefinSpot = "BluefinSpot", CetusClmm = "CetusClmm", IntegerMate = "IntegerMate_2", SuiSystem = "SuiSystem", alphafi_oracle = "alphafi_oracle" }

[pinned.mainnet.alphafi_oracle]
source = { local = "vendor/alphafi_oracle" }
use_environment = "mainnet"
manifest_digest = "9EEE7821C315A31A0952146525B0959182288A2186808101AF373FC5D3EFC120"
deps = { Pyth = "Pyth", alphafi_stdlib = "alphafi_stdlib", std = "MoveStdlib", sui = "Sui" }

[pinned.mainnet.alphafi_stdlib]
source = { local = "vendor/alphafi_stdlib" }
use_environment = "mainnet"
manifest_digest = "E41BBD67BE8940D26C79D78B028477EF5B33BA217A1282C78ACB344CF8A5ECF6"
deps = { std = "MoveStdlib", sui = "Sui" }

[pinned.mainnet.openzeppelin_access]
source = { git = "https://github.com/OpenZeppelin/contracts-sui.git", subdir = "contracts/access", rev = "6df7fd42f6560a65bc487a9d5858ee22f65400f7" }
use_environment = "mainnet"
manifest_digest = "E41BBD67BE8940D26C79D78B028477EF5B33BA217A1282C78ACB344CF8A5ECF6"
deps = { std = "MoveStdlib", sui = "Sui" }

[pinned.mainnet.openzeppelin_math]
source = { git = "https://github.com/OpenZeppelin/contracts-sui.git", subdir = "math/core", rev = "6df7fd42f6560a65bc487a9d5858ee22f65400f7" }
use_environment = "mainnet"
manifest_digest = "E41BBD67BE8940D26C79D78B028477EF5B33BA217A1282C78ACB344CF8A5ECF6"
deps = { std = "MoveStdlib", sui = "Sui" }

[pinned.mainnet.sweem_adapters_alphalend]
source = { root = true }
use_environment = "mainnet"
manifest_digest = "77A11C2A96972100DCBF41A52B47FD44CE375E0C6936AB8279E356CE962460A1"
deps = { alpha_lending = "alpha_lending", openzeppelin_access = "openzeppelin_access", openzeppelin_math = "openzeppelin_math", std = "MoveStdlib", sui = "Sui", sweem_core = "sweem_core", sweem_registry = "sweem_registry" }

[pinned.mainnet.sweem_core]
source = { local = "../sweem_core" }
use_environment = "mainnet"
manifest_digest = "81C361AFEDC3DBD7A5D222B09AE2268A47C173BA3BA9D255F9FE8199AB11C85E"
deps = { openzeppelin_access = "openzeppelin_access", openzeppelin_math = "openzeppelin_math", std = "MoveStdlib", sui = "Sui", sweem_registry = "sweem_registry" }

[pinned.mainnet.sweem_registry]
source = { local = "../sweem_registry" }
use_environment = "mainnet"
manifest_digest = "EB964772FC152CBD8BDED3B0FB212CAD2D517C1664CB9444D4725AA554D8B33B"
deps = { openzeppelin_access = "openzeppelin_access", std = "MoveStdlib", sui = "Sui" }
