# Generated by move; do not edit
# This file should be checked in.

[move]
version = 4

[pinned.mainnet.CoinDecimalsRegistry]
source = { git = "https://github.com/scallop-io/sui-lending-protocol.git", subdir = "contracts/libs/coin_decimals_registry", rev = "334e93a1232a1d9417466080ae24491be3f7b27c" }
use_environment = "mainnet"
manifest_digest = "3876920E3F5449B657525E749B996C31141507452514AF2E259F5441554DCDDF"
deps = { Sui = "Sui_1" }

[pinned.mainnet.Decimal]
source = { git = "https://github.com/scallop-io/sui-lending-protocol.git", subdir = "contracts/libs/decimal", rev = "334e93a1232a1d9417466080ae24491be3f7b27c" }
use_environment = "mainnet"
manifest_digest = "3876920E3F5449B657525E749B996C31141507452514AF2E259F5441554DCDDF"
deps = { Sui = "Sui_1" }

[pinned.mainnet.Math]
source = { git = "https://github.com/scallop-io/sui-lending-protocol.git", subdir = "contracts/libs/math", rev = "334e93a1232a1d9417466080ae24491be3f7b27c" }
use_environment = "mainnet"
manifest_digest = "3876920E3F5449B657525E749B996C31141507452514AF2E259F5441554DCDDF"
deps = { Sui = "Sui_1" }

[pinned.mainnet.MoveStdlib]
source = { git = "https://github.com/MystenLabs/sui.git", subdir = "crates/sui-framework/packages/move-stdlib", rev = "718ae563a42fb4ba0d055588f81c704dcef58c25" }
use_environment = "mainnet"
manifest_digest = "C4FE4C91DE74CBF223B2E380AE40F592177D21870DC2D7EB6227D2D694E05363"
deps = {}

[pinned.mainnet.MoveStdlib_1]
source = { git = "https://github.com/MystenLabs/sui.git", subdir = "crates/sui-framework/packages/move-stdlib", rev = "1f6e1e6dd72dc75ac4037b3d4e38e73b133c5ef6" }
use_environment = "mainnet"
manifest_digest = "C4FE4C91DE74CBF223B2E380AE40F592177D21870DC2D7EB6227D2D694E05363"
deps = {}

[pinned.mainnet.MoveStdlib_2]
source = { git = "https://github.com/MystenLabs/sui.git", subdir = "crates/sui-framework/packages/move-stdlib", rev = "041c5f2bae2fe52079e44b70514333532d69f4e6" }
use_environment = "mainnet"
manifest_digest = "C4FE4C91DE74CBF223B2E380AE40F592177D21870DC2D7EB6227D2D694E05363"
deps = {}

[pinned.mainnet.Pyth]
source = { git = "https://github.com/naviprotocol/pyth-crosschain.git", subdir = "target_chains/sui/contracts", rev = "1880b24c6acfaac101747f863c5047fff9adaa0f" }
use_environment = "mainnet"
manifest_digest = "C981BFE5D31B50DB795278F9617725C1C2AEDFE52970A2E02D2B5636175470AB"
deps = { Sui = "Sui_1", Wormhole = "Wormhole" }

[pinned.mainnet.Pyth_1]
source = { git = "https://github.com/solendprotocol/pyth-crosschain.git", subdir = "target_chains/sui/contracts", rev = "f272d1208a4d34ad5e65e344946f731819af99f6" }
use_environment = "mainnet"
manifest_digest = "F2C5AF85C4B72C8F6A8132D05DE4F787F4EB80DBFF812331ED65AE599E7DF92A"
deps = { Sui = "Sui_2", Wormhole = "Wormhole_1" }

[pinned.mainnet.ScallopProtocol]
source = { git = "https://github.com/scallop-io/sui-lending-protocol.git", subdir = "contracts/protocol", rev = "334e93a1232a1d9417466080ae24491be3f7b27c" }
use_environment = "mainnet"
manifest_digest = "A91D5B1E1A8E663F005C45833346765F113FED7FFCC93A0E938717DEB8DE0289"
deps = { CoinDecimalsRegistry = "CoinDecimalsRegistry", Decimal = "Decimal", Math = "Math", Sui = "Sui_1", TestCoin = "TestCoin", Whitelist = "Whitelist", X = "X", XOracle = "XOracle" }

[pinned.mainnet.Sui]
source = { git = "https://github.com/MystenLabs/sui.git", subdir = "crates/sui-framework/packages/sui-framework", rev = "718ae563a42fb4ba0d055588f81c704dcef58c25" }
use_environment = "mainnet"
manifest_digest = "CD547CB1ACCE0880C835DAED2D8FFCB91D56C833AE5240D3AA5B918398263195"
deps = { MoveStdlib = "MoveStdlib" }

[pinned.mainnet.SuiSystem]
source = { git = "https://github.com/MystenLabs/sui.git", subdir = "crates/sui-framework/packages/sui-system", rev = "718ae563a42fb4ba0d055588f81c704dcef58c25" }
use_environment = "mainnet"
manifest_digest = "CCBB2DE961DACC94644C65D54E808DEF86BC7E9C42A494D5250CC5F99392E069"
deps = { MoveStdlib = "MoveStdlib", Sui = "Sui" }

[pinned.mainnet.Sui_1]
source = { git = "https://github.com/MystenLabs/sui.git", subdir = "crates/sui-framework/packages/sui-framework", rev = "1f6e1e6dd72dc75ac4037b3d4e38e73b133c5ef6" }
use_environment = "mainnet"
manifest_digest = "CD547CB1ACCE0880C835DAED2D8FFCB91D56C833AE5240D3AA5B918398263195"
deps = { MoveStdlib = "MoveStdlib_1" }

[pinned.mainnet.Sui_2]
source = { git = "https://github.com/MystenLabs/sui.git", subdir = "crates/sui-framework/packages/sui-framework", rev = "041c5f2bae2fe52079e44b70514333532d69f4e6" }
use_environment = "mainnet"
manifest_digest = "CD547CB1ACCE0880C835DAED2D8FFCB91D56C833AE5240D3AA5B918398263195"
deps = { MoveStdlib = "MoveStdlib_2" }

[pinned.mainnet.SupraOracle]
source = { git = "https://github.com/naviprotocol/supra-oracle.git", subdir = "supra_holder", rev = "0d41a846e75cff18da44e462260bf60c73417c8e" }
use_environment = "mainnet"
manifest_digest = "CDD606D609F32BF36A2C06E7DB0E6BBBA82B7EC29C58D217D0AFCED1E87ED550"
deps = { Sui = "Sui_1", supra_validator = "supra_validator" }

[pinned.mainnet.Switchboard]
source = { git = "https://github.com/naviprotocol/navi-smart-contracts.git", subdir = "switchboard_sui/on_demand", rev = "473b0934235d6dc1357fa4309308167c6d175fd1" }
use_environment = "mainnet"
manifest_digest = "BA49968BFF7C4A4D9F013B59535CF8B89D935A7C6D63C121606B1FE844829B72"
deps = { Sui = "Sui_1" }

[pinned.mainnet.Switchboard_1]
source = { git = "https://github.com/switchboard-xyz/sui.git", subdir = "on_demand", rev = "c3053f782b40ea5100d3f60d476b4dc55469ff34" }
use_environment = "mainnet"
manifest_digest = "E41BBD67BE8940D26C79D78B028477EF5B33BA217A1282C78ACB344CF8A5ECF6"
deps = { std = "MoveStdlib", sui = "Sui" }

[pinned.mainnet.TestCoin]
source = { git = "https://github.com/scallop-io/sui-lending-protocol.git", subdir = "contracts/test_coin", rev = "334e93a1232a1d9417466080ae24491be3f7b27c" }
use_environment = "mainnet"
manifest_digest = "3876920E3F5449B657525E749B996C31141507452514AF2E259F5441554DCDDF"
deps = { Sui = "Sui_1" }

[pinned.mainnet.Whitelist]
source = { git = "https://github.com/scallop-io/sui-lending-protocol.git", subdir = "contracts/libs/whitelist", rev = "334e93a1232a1d9417466080ae24491be3f7b27c" }
use_environment = "mainnet"
manifest_digest = "3876920E3F5449B657525E749B996C31141507452514AF2E259F5441554DCDDF"
deps = { Sui = "Sui_1" }

[pinned.mainnet.Wormhole]
source = { git = "https://github.com/naviprotocol/wormhole.git", subdir = "sui/wormhole", rev = "7749aff1380b0f63743d36856a5934de606483ba" }
use_environment = "mainnet"
manifest_digest = "3876920E3F5449B657525E749B996C31141507452514AF2E259F5441554DCDDF"
deps = { Sui = "Sui_1" }

[pinned.mainnet.Wormhole_1]
source = { git = "https://github.com/wormhole-foundation/wormhole.git", subdir = "sui/wormhole", rev = "b71be5cbb9537c4aac8e23e74371affa3825efcd" }
use_environment = "mainnet"
manifest_digest = "0D766A0380B75080707CFA6099AF469A2E502B0D9DC334A9E9983B391C5555D9"
deps = { Sui = "Sui_2" }

[pinned.mainnet.X]
source = { git = "https://github.com/scallop-io/sui-lending-protocol.git", subdir = "contracts/libs/x", rev = "334e93a1232a1d9417466080ae24491be3f7b27c" }
use_environment = "mainnet"
manifest_digest = "3876920E3F5449B657525E749B996C31141507452514AF2E259F5441554DCDDF"
deps = { Sui = "Sui_1" }

[pinned.mainnet.XOracle]
source = { git = "https://github.com/scallop-io/sui-lending-protocol.git", subdir = "contracts/sui_x_oracle/x_oracle", rev = "334e93a1232a1d9417466080ae24491be3f7b27c" }
use_environment = "mainnet"
manifest_digest = "3876920E3F5449B657525E749B996C31141507452514AF2E259F5441554DCDDF"
deps = { Sui = "Sui_1" }

[pinned.mainnet.lending_core]
source = { git = "https://github.com/naviprotocol/navi-smart-contracts.git", subdir = "lending_core", rev = "473b0934235d6dc1357fa4309308167c6d175fd1" }
use_environment = "mainnet"
manifest_digest = "345663D1239E7C7EEF8B0DF907E8E92F561947FF2110791295DE0CD4DAA5DE29"
deps = { liquid_staking = "liquid_staking", oracle = "oracle", std = "MoveStdlib", sui = "Sui", sui_system = "SuiSystem" }

[pinned.mainnet.liquid_staking]
source = { git = "https://github.com/naviprotocol/navi-smart-contracts.git", subdir = "volo_liquid_staking", rev = "473b0934235d6dc1357fa4309308167c6d175fd1" }
use_environment = "mainnet"
manifest_digest = "5088FADDD8E68B81993124941C625140D78354C8DCD372C440055B66B7604874"
deps = { std = "MoveStdlib", sui = "Sui", sui_system = "SuiSystem" }

[pinned.mainnet.liquid_staking_1]
source = { git = "https://github.com/solendprotocol/liquid-staking.git", subdir = "contracts", rev = "49f757384e69065ab082dc2fcf653f4b285a1940" }
use_environment = "mainnet"
manifest_digest = "5088FADDD8E68B81993124941C625140D78354C8DCD372C440055B66B7604874"
deps = { std = "MoveStdlib", sui = "Sui", sui_system = "SuiSystem" }

[pinned.mainnet.openzeppelin_access]
source = { git = "https://github.com/OpenZeppelin/contracts-sui.git", subdir = "contracts/access", rev = "6df7fd42f6560a65bc487a9d5858ee22f65400f7" }
use_environment = "mainnet"
manifest_digest = "E41BBD67BE8940D26C79D78B028477EF5B33BA217A1282C78ACB344CF8A5ECF6"
deps = { std = "MoveStdlib", sui = "Sui" }

[pinned.mainnet.openzeppelin_math]
source = { git = "https://github.com/OpenZeppelin/contracts-sui.git", subdir = "math/core", rev = "6df7fd42f6560a65bc487a9d5858ee22f65400f7" }
use_environment = "mainnet"
manifest_digest = "E41BBD67BE8940D26C79D78B028477EF5B33BA217A1282C78ACB344CF8A5ECF6"
deps = { std = "MoveStdlib", sui = "Sui" }

[pinned.mainnet.oracle]
source = { git = "https://github.com/naviprotocol/navi-smart-contracts.git", subdir = "oracle", rev = "473b0934235d6dc1357fa4309308167c6d175fd1" }
use_environment = "mainnet"
manifest_digest = "4CAB268A410A256ECF644699EE89290129097BF4C5152476FBECA6AD693B9C42"
deps = { SupraOracle = "SupraOracle", pyth = "Pyth", std = "MoveStdlib", sui = "Sui", switchboard = "Switchboard" }

[pinned.mainnet.sprungsui]
source = { git = "https://github.com/solendprotocol/suilend.git", subdir = "contracts/sprungsui", rev = "d5ba83a617bb0778b48b0c3b1e77a87be81258ca" }
use_environment = "mainnet"
manifest_digest = "E41BBD67BE8940D26C79D78B028477EF5B33BA217A1282C78ACB344CF8A5ECF6"
deps = { std = "MoveStdlib", sui = "Sui" }

[pinned.mainnet.suilend]
source = { git = "https://github.com/solendprotocol/suilend.git", subdir = "contracts/suilend", rev = "d5ba83a617bb0778b48b0c3b1e77a87be81258ca" }
use_environment = "mainnet"
manifest_digest = "6BCFE0711E0DE51834A168820C7CEAA03149F8E00ADC6BD93BADC4694D7443AD"
deps = { liquid_staking = "liquid_staking_1", pyth = "Pyth_1", sprungsui = "sprungsui", std = "MoveStdlib", sui = "Sui", sui_system = "SuiSystem", switchboard = "Switchboard_1" }

[pinned.mainnet.supra_utils]
source = { git = "https://github.com/naviprotocol/supra-oracle.git", subdir = "supra_utils", rev = "0d41a846e75cff18da44e462260bf60c73417c8e" }
use_environment = "mainnet"
manifest_digest = "3876920E3F5449B657525E749B996C31141507452514AF2E259F5441554DCDDF"
deps = { Sui = "Sui_1" }

[pinned.mainnet.supra_validator]
source = { git = "https://github.com/naviprotocol/supra-oracle.git", subdir = "supra_validator", rev = "0d41a846e75cff18da44e462260bf60c73417c8e" }
use_environment = "mainnet"
manifest_digest = "6972115A9F4DCD60D13D7BB34F2D42245F8743B737EA8651F3DF6669BC3D6C93"
deps = { Sui = "Sui_1", supra_utils = "supra_utils" }

[pinned.mainnet.sweem_adapters]
source = { root = true }
use_environment = "mainnet"
manifest_digest = "3317C23E8435E5CEC578EBC759ED3F35FC53DF668BD58035C598DB486F52216B"
deps = { lending_core = "lending_core", openzeppelin_math = "openzeppelin_math", oracle = "oracle", protocol = "ScallopProtocol", pyth = "Pyth", std = "MoveStdlib", sui = "Sui", suilend = "suilend", sweem_core = "sweem_core", sweem_registry = "sweem_registry", switchboard = "Switchboard_1", x = "X" }

[pinned.mainnet.sweem_core]
source = { local = "../sweem_core" }
use_environment = "mainnet"
manifest_digest = "81C361AFEDC3DBD7A5D222B09AE2268A47C173BA3BA9D255F9FE8199AB11C85E"
deps = { openzeppelin_access = "openzeppelin_access", openzeppelin_math = "openzeppelin_math", std = "MoveStdlib", sui = "Sui", sweem_registry = "sweem_registry" }

[pinned.mainnet.sweem_registry]
source = { local = "../sweem_registry" }
use_environment = "mainnet"
manifest_digest = "EB964772FC152CBD8BDED3B0FB212CAD2D517C1664CB9444D4725AA554D8B33B"
deps = { openzeppelin_access = "openzeppelin_access", std = "MoveStdlib", sui = "Sui" }

[pinned.testnet.CoinDecimalsRegistry]
source = { git = "https://github.com/scallop-io/sui-lending-protocol.git", subdir = "contracts/libs/coin_decimals_registry", rev = "334e93a1232a1d9417466080ae24491be3f7b27c" }
use_environment = "testnet"
manifest_digest = "C2772B976EC6A56C32071C116C869B6B810C731713A3E79642606E99AE1F55DA"
deps = { Sui = "Sui_1" }

[pinned.testnet.Decimal]
source = { git = "https://github.com/scallop-io/sui-lending-protocol.git", subdir = "contracts/libs/decimal", rev = "334e93a1232a1d9417466080ae24491be3f7b27c" }
use_environment = "testnet"
manifest_digest = "C2772B976EC6A56C32071C116C869B6B810C731713A3E79642606E99AE1F55DA"
deps = { Sui = "Sui_1" }

[pinned.testnet.Math]
source = { git = "https://github.com/scallop-io/sui-lending-protocol.git", subdir = "contracts/libs/math", rev = "334e93a1232a1d9417466080ae24491be3f7b27c" }
use_environment = "testnet"
manifest_digest = "C2772B976EC6A56C32071C116C869B6B810C731713A3E79642606E99AE1F55DA"
deps = { Sui = "Sui_1" }

[pinned.testnet.MoveStdlib]
source = { git = "https://github.com/MystenLabs/sui.git", subdir = "crates/sui-framework/packages/move-stdlib", rev = "367fd808279bed26f7c64fc63160062a2ee29ab7" }
use_environment = "testnet"
manifest_digest = "C4FE4C91DE74CBF223B2E380AE40F592177D21870DC2D7EB6227D2D694E05363"
deps = {}

[pinned.testnet.MoveStdlib_1]
source = { git = "https://github.com/MystenLabs/sui.git", subdir = "crates/sui-framework/packages/move-stdlib", rev = "d10b7db79a6634acbc483ad8633a7d27fe3bc7c8" }
use_environment = "testnet"
manifest_digest = "C4FE4C91DE74CBF223B2E380AE40F592177D21870DC2D7EB6227D2D694E05363"
deps = {}

[pinned.testnet.MoveStdlib_2]
source = { git = "https://github.com/MystenLabs/sui.git", subdir = "crates/sui-framework/packages/move-stdlib", rev = "14bf3e318215db21415c7c0ab0c01cf8d7ef594a" }
use_environment = "testnet"
manifest_digest = "C4FE4C91DE74CBF223B2E380AE40F592177D21870DC2D7EB6227D2D694E05363"
deps = {}

[pinned.testnet.Pyth]
source = { git = "https://github.com/naviprotocol/pyth-crosschain.git", subdir = "target_chains/sui/contracts", rev = "1880b24c6acfaac101747f863c5047fff9adaa0f" }
use_environment = "testnet"
manifest_digest = "485F78616CB77F1A3EA3FC932926DF0B5411D2758EE2BAFA4C4652A4EF06D29B"
deps = { Sui = "Sui_1", Wormhole = "Wormhole" }

[pinned.testnet.ScallopProtocol]
source = { git = "https://github.com/scallop-io/sui-lending-protocol.git", subdir = "contracts/protocol", rev = "334e93a1232a1d9417466080ae24491be3f7b27c" }
use_environment = "testnet"
manifest_digest = "3CF5C8845C90EBB985D3075C71F619250B06DADAC0F1CD9CA348EF7E44272FB0"
deps = { CoinDecimalsRegistry = "CoinDecimalsRegistry", Decimal = "Decimal", Math = "Math", Sui = "Sui_1", TestCoin = "TestCoin", Whitelist = "Whitelist", X = "X", XOracle = "XOracle" }

[pinned.testnet.Sui]
source = { git = "https://github.com/MystenLabs/sui.git", subdir = "crates/sui-framework/packages/sui-framework", rev = "367fd808279bed26f7c64fc63160062a2ee29ab7" }
use_environment = "testnet"
manifest_digest = "7AFB66695545775FBFBB2D3078ADFD084244D5002392E837FDE21D9EA1C6D01C"
deps = { MoveStdlib = "MoveStdlib" }

[pinned.testnet.SuiSystem]
source = { git = "https://github.com/MystenLabs/sui.git", subdir = "crates/sui-framework/packages/sui-system", rev = "367fd808279bed26f7c64fc63160062a2ee29ab7" }
use_environment = "testnet"
manifest_digest = "F1655B9F9B8ECE67FDBA648266DD75B48852F63BF2515856E822586882D1CA2A"
deps = { MoveStdlib = "MoveStdlib", Sui = "Sui" }

[pinned.testnet.Sui_1]
source = { git = "https://github.com/MystenLabs/sui.git", subdir = "crates/sui-framework/packages/sui-framework", rev = "d10b7db79a6634acbc483ad8633a7d27fe3bc7c8" }
use_environment = "testnet"
manifest_digest = "7AFB66695545775FBFBB2D3078ADFD084244D5002392E837FDE21D9EA1C6D01C"
deps = { MoveStdlib = "MoveStdlib_1" }

[pinned.testnet.Sui_2]
source = { git = "https://github.com/MystenLabs/sui.git", subdir = "crates/sui-framework/packages/sui-framework", rev = "14bf3e318215db21415c7c0ab0c01cf8d7ef594a" }
use_environment = "testnet"
manifest_digest = "7AFB66695545775FBFBB2D3078ADFD084244D5002392E837FDE21D9EA1C6D01C"
deps = { MoveStdlib = "MoveStdlib_2" }

[pinned.testnet.SupraOracle]
source = { git = "https://github.com/naviprotocol/supra-oracle.git", subdir = "supra_holder", rev = "0d41a846e75cff18da44e462260bf60c73417c8e" }
use_environment = "testnet"
manifest_digest = "9C02A35D78AABF65198AAF05ECD1263DA17CF8CDC9057DBD530C7A2EEC5B1DF4"
deps = { Sui = "Sui_1", supra_validator = "supra_validator" }

[pinned.testnet.Switchboard]
source = { git = "https://github.com/naviprotocol/navi-smart-contracts.git", subdir = "switchboard_sui/on_demand", rev = "473b0934235d6dc1357fa4309308167c6d175fd1" }
use_environment = "testnet"
manifest_digest = "DEE42C89BB3F8EC67C17BC4AE0CEBE14A28F4FA787E857046EAF0FA38D556496"
deps = { Sui = "Sui_2" }

[pinned.testnet.TestCoin]
source = { git = "https://github.com/scallop-io/sui-lending-protocol.git", subdir = "contracts/test_coin", rev = "334e93a1232a1d9417466080ae24491be3f7b27c" }
use_environment = "testnet"
manifest_digest = "C2772B976EC6A56C32071C116C869B6B810C731713A3E79642606E99AE1F55DA"
deps = { Sui = "Sui_1" }

[pinned.testnet.Whitelist]
source = { git = "https://github.com/scallop-io/sui-lending-protocol.git", subdir = "contracts/libs/whitelist", rev = "334e93a1232a1d9417466080ae24491be3f7b27c" }
use_environment = "testnet"
manifest_digest = "C2772B976EC6A56C32071C116C869B6B810C731713A3E79642606E99AE1F55DA"
deps = { Sui = "Sui_1" }

[pinned.testnet.Wormhole]
source = { git = "https://github.com/naviprotocol/wormhole.git", subdir = "sui/wormhole", rev = "7749aff1380b0f63743d36856a5934de606483ba" }
use_environment = "testnet"
manifest_digest = "C2772B976EC6A56C32071C116C869B6B810C731713A3E79642606E99AE1F55DA"
deps = { Sui = "Sui_1" }

[pinned.testnet.X]
source = { git = "https://github.com/scallop-io/sui-lending-protocol.git", subdir = "contracts/libs/x", rev = "334e93a1232a1d9417466080ae24491be3f7b27c" }
use_environment = "testnet"
manifest_digest = "C2772B976EC6A56C32071C116C869B6B810C731713A3E79642606E99AE1F55DA"
deps = { Sui = "Sui_1" }

[pinned.testnet.XOracle]
source = { git = "https://github.com/scallop-io/sui-lending-protocol.git", subdir = "contracts/sui_x_oracle/x_oracle", rev = "334e93a1232a1d9417466080ae24491be3f7b27c" }
use_environment = "testnet"
manifest_digest = "C2772B976EC6A56C32071C116C869B6B810C731713A3E79642606E99AE1F55DA"
deps = { Sui = "Sui_1" }

[pinned.testnet.lending_core]
source = { git = "https://github.com/naviprotocol/navi-smart-contracts.git", subdir = "lending_core", rev = "473b0934235d6dc1357fa4309308167c6d175fd1" }
use_environment = "testnet"
manifest_digest = "8461A2F7EC69D23AC78A5B024016935BA2B5C8438B34749CAFFFFA75F52C780A"
deps = { liquid_staking = "liquid_staking", oracle = "oracle", std = "MoveStdlib", sui = "Sui", sui_system = "SuiSystem" }

[pinned.testnet.liquid_staking]
source = { git = "https://github.com/naviprotocol/navi-smart-contracts.git", subdir = "volo_liquid_staking", rev = "473b0934235d6dc1357fa4309308167c6d175fd1" }
use_environment = "testnet"
manifest_digest = "5E7C288BBC1CF8C7B1A36EC70D1D39D45703A5397C84D65EFD693E7EDFF41766"
deps = { std = "MoveStdlib", sui = "Sui", sui_system = "SuiSystem" }

[pinned.testnet.openzeppelin_access]
source = { git = "https://github.com/OpenZeppelin/contracts-sui.git", subdir = "contracts/access", rev = "6df7fd42f6560a65bc487a9d5858ee22f65400f7" }
use_environment = "testnet"
manifest_digest = "5745706258F61D6CE210904B3E6AE87A73CE9D31A6F93BE4718C442529332A87"
deps = { std = "MoveStdlib", sui = "Sui" }

[pinned.testnet.openzeppelin_math]
source = { git = "https://github.com/OpenZeppelin/contracts-sui.git", subdir = "math/core", rev = "6df7fd42f6560a65bc487a9d5858ee22f65400f7" }
use_environment = "testnet"
manifest_digest = "5745706258F61D6CE210904B3E6AE87A73CE9D31A6F93BE4718C442529332A87"
deps = { std = "MoveStdlib", sui = "Sui" }

[pinned.testnet.oracle]
source = { git = "https://github.com/naviprotocol/navi-smart-contracts.git", subdir = "oracle", rev = "473b0934235d6dc1357fa4309308167c6d175fd1" }
use_environment = "testnet"
manifest_digest = "F5053D475DD8F9116DFA91AE142501FCE0820EC5C8D8963A9FC3DA41824E2487"
deps = { SupraOracle = "SupraOracle", pyth = "Pyth", std = "MoveStdlib", sui = "Sui", switchboard = "Switchboard" }

[pinned.testnet.supra_utils]
source = { git = "https://github.com/naviprotocol/supra-oracle.git", subdir = "supra_utils", rev = "0d41a846e75cff18da44e462260bf60c73417c8e" }
use_environment = "testnet"
manifest_digest = "C2772B976EC6A56C32071C116C869B6B810C731713A3E79642606E99AE1F55DA"
deps = { Sui = "Sui_1" }

[pinned.testnet.supra_validator]
source = { git = "https://github.com/naviprotocol/supra-oracle.git", subdir = "supra_validator", rev = "0d41a846e75cff18da44e462260bf60c73417c8e" }
use_environment = "testnet"
manifest_digest = "20910F73E6DB180B11201B71A872B16AED4CFEF8AAE1428E33839CB5860A569E"
deps = { Sui = "Sui_1", supra_utils = "supra_utils" }

[pinned.testnet.sweem_adapters]
source = { root = true }
use_environment = "testnet"
manifest_digest = "37DC3DEAE05625CF7EC67DD5866651BD6DF8644A0546D10B1CE9A60DF648A260"
deps = { lending_core = "lending_core", openzeppelin_math = "openzeppelin_math", oracle = "oracle", protocol = "ScallopProtocol", std = "MoveStdlib", sui = "Sui", sweem_core = "sweem_core", sweem_registry = "sweem_registry", x = "X" }

[pinned.testnet.sweem_core]
source = { local = "../sweem_core" }
use_environment = "testnet"
manifest_digest = "397B482A3EE8E3CECDF99C9B1E70F0FD2EABF5D40D7D59B275824548D78F3D90"
deps = { openzeppelin_access = "openzeppelin_access", openzeppelin_math = "openzeppelin_math", std = "MoveStdlib", sui = "Sui", sweem_registry = "sweem_registry" }

[pinned.testnet.sweem_registry]
source = { local = "../sweem_registry" }
use_environment = "testnet"
manifest_digest = "EB4C121207EBCA04EBA98EE2C406DC2BBFA7D8AA7722EBAA0EC65DECEA77E029"
deps = { openzeppelin_access = "openzeppelin_access", std = "MoveStdlib", sui = "Sui" }
